
Microsoft Visual Studio Solution File, Format Version 12.00
# Visual Studio 15
VisualStudioVersion = 15.0.28307.572
MinimumVisualStudioVersion = 10.0.40219.1
Project("{FAE04EC0-301F-11D3-BF4B-00C04F79EFBC}") = "FASUtils.Forms", "FASUtils.Forms\FASUtils.Forms.csproj", "{101F737B-3012-43EF-88AD-250DC1434F22}"
EndProject
Global
	GlobalSection(SolutionConfigurationPlatforms) = preSolution
		Debug|Any CPU = Debug|Any CPU
		Release|Any CPU = Release|Any CPU
	EndGlobalSection
	GlobalSection(ProjectConfigurationPlatforms) = postSolution
		{101F737B-3012-43EF-88AD-250DC1434F22}.Debug|Any CPU.ActiveCfg = Debug|Any CPU
		{101F737B-3012-43EF-88AD-250DC1434F22}.Debug|Any CPU.Build.0 = Debug|Any CPU
		{101F737B-3012-43EF-88AD-250DC1434F22}.Release|Any CPU.ActiveCfg = Release|Any CPU
		{101F737B-3012-43EF-88AD-250DC1434F22}.Release|Any CPU.Build.0 = Release|Any CPU
	EndGlobalSection
	GlobalSection(SolutionProperties) = preSolution
		HideSolutionNode = FALSE
	EndGlobalSection
	GlobalSection(ExtensibilityGlobals) = postSolution
		SolutionGuid = {1BDC4AF8-F67C-4C11-B0EB-6FD6DD2AEF8A}
	EndGlobalSection
EndGlobal
